
Microsoft Visual Studio Solution File, Format Version 12.00
# Visual Studio Version 17
VisualStudioVersion = 17.0.31903.59
MinimumVisualStudioVersion = 10.0.40219.1
Project("{FAE04EC0-301F-11D3-BF4B-00C04F79EFBC}") = "API", "API\API.csproj", "{1CA2C908-189C-4422-8B63-6362A67340D2}"
EndProject
Project("{FAE04EC0-301F-11D3-BF4B-00C04F79EFBC}") = "Application", "Application\Application.csproj", "{0E1C19BD-531B-4EEA-AF14-5C4C85FFCC3E}"
EndProject
Project("{FAE04EC0-301F-11D3-BF4B-00C04F79EFBC}") = "Domain", "Domain\Domain.csproj", "{81C49624-3765-4436-9E65-51280E6FB7C8}"
EndProject
Project("{FAE04EC0-301F-11D3-BF4B-00C04F79EFBC}") = "Persistence", "Persistence\Persistence.csproj", "{F1201B8C-C237-4242-A65C-E5E00F8FB741}"
EndProject
Global
	GlobalSection(SolutionConfigurationPlatforms) = preSolution
		Debug|Any CPU = Debug|Any CPU
		Release|Any CPU = Release|Any CPU
	EndGlobalSection
	GlobalSection(SolutionProperties) = preSolution
		HideSolutionNode = FALSE
	EndGlobalSection
	GlobalSection(ProjectConfigurationPlatforms) = postSolution
		{1CA2C908-189C-4422-8B63-6362A67340D2}.Debug|Any CPU.ActiveCfg = Debug|Any CPU
		{1CA2C908-189C-4422-8B63-6362A67340D2}.Debug|Any CPU.Build.0 = Debug|Any CPU
		{1CA2C908-189C-4422-8B63-6362A67340D2}.Release|Any CPU.ActiveCfg = Release|Any CPU
		{1CA2C908-189C-4422-8B63-6362A67340D2}.Release|Any CPU.Build.0 = Release|Any CPU
		{0E1C19BD-531B-4EEA-AF14-5C4C85FFCC3E}.Debug|Any CPU.ActiveCfg = Debug|Any CPU
		{0E1C19BD-531B-4EEA-AF14-5C4C85FFCC3E}.Debug|Any CPU.Build.0 = Debug|Any CPU
		{0E1C19BD-531B-4EEA-AF14-5C4C85FFCC3E}.Release|Any CPU.ActiveCfg = Release|Any CPU
		{0E1C19BD-531B-4EEA-AF14-5C4C85FFCC3E}.Release|Any CPU.Build.0 = Release|Any CPU
		{81C49624-3765-4436-9E65-51280E6FB7C8}.Debug|Any CPU.ActiveCfg = Debug|Any CPU
		{81C49624-3765-4436-9E65-51280E6FB7C8}.Debug|Any CPU.Build.0 = Debug|Any CPU
		{81C49624-3765-4436-9E65-51280E6FB7C8}.Release|Any CPU.ActiveCfg = Release|Any CPU
		{81C49624-3765-4436-9E65-51280E6FB7C8}.Release|Any CPU.Build.0 = Release|Any CPU
		{F1201B8C-C237-4242-A65C-E5E00F8FB741}.Debug|Any CPU.ActiveCfg = Debug|Any CPU
		{F1201B8C-C237-4242-A65C-E5E00F8FB741}.Debug|Any CPU.Build.0 = Debug|Any CPU
		{F1201B8C-C237-4242-A65C-E5E00F8FB741}.Release|Any CPU.ActiveCfg = Release|Any CPU
		{F1201B8C-C237-4242-A65C-E5E00F8FB741}.Release|Any CPU.Build.0 = Release|Any CPU
	EndGlobalSection
EndGlobal
